<?xml version="1.0" encoding="UTF-8" standalone="yes" ?>
<CodeBlocks_project_file>
	<FileVersion major="1" minor="6" />
	<Project>
		<Option title="DSRhoFit" />
		<Option pch_mode="2" />
		<Option compiler="gcc" />
		<Build>
			<Target title="Debug">
				<Option output="bin/Debug/DSRhoFit" prefix_auto="1" extension_auto="1" />
				<Option object_output="obj/Debug/" />
				<Option type="1" />
				<Option compiler="gcc" />
				<Option parameters="data/org_many/dataset_trans_org_1 results/output 0.275 0.57 0.936 2.84 0 1" />
				<Compiler>
					<Add option="-g" />
				</Compiler>
			</Target>
			<Target title="Release">
				<Option output="bin/Release/DSRhoFit" prefix_auto="1" extension_auto="1" />
				<Option object_output="obj/Release/" />
				<Option type="1" />
				<Option compiler="gcc" />
				<Compiler>
					<Add option="-O2" />
				</Compiler>
				<Linker>
					<Add option="-s" />
				</Linker>
			</Target>
		</Build>
		<Compiler>
			<Add option="-Wall" />
			<Add directory="/usr/local/include/root" />
			<Add directory="include" />
		</Compiler>
		<Linker>
			<Add library="/usr/local/lib/root/libAfterImage.a" />
			<Add library="/usr/local/lib/root/libASImage.so" />
			<Add library="/usr/local/lib/root/libASImageGui.so" />
			<Add library="/usr/local/lib/root/libCint.so" />
			<Add library="/usr/local/lib/root/libCintex.so" />
			<Add library="/usr/local/lib/root/libcomplexDict.so" />
			<Add library="/usr/local/lib/root/libCore.so" />
			<Add library="/usr/local/lib/root/libdequeDict.so" />
			<Add library="/usr/local/lib/root/libEG.so" />
			<Add library="/usr/local/lib/root/libFitPanel.so" />
			<Add library="/usr/local/lib/root/libFoam.so" />
			<Add library="/usr/local/lib/root/libFumili.so" />
			<Add library="/usr/local/lib/root/libGed.so" />
			<Add library="/usr/local/lib/root/libGenetic.so" />
			<Add library="/usr/local/lib/root/libGenVector.so" />
			<Add library="/usr/local/lib/root/libGeom.so" />
			<Add library="/usr/local/lib/root/libGeomBuilder.so" />
			<Add library="/usr/local/lib/root/libGeomPainter.so" />
			<Add library="/usr/local/lib/root/libGpad.so" />
			<Add library="/usr/local/lib/root/libGraf.so" />
			<Add library="/usr/local/lib/root/libGraf3d.so" />
			<Add library="/usr/local/lib/root/libGui.so" />
			<Add library="/usr/local/lib/root/libGuiBld.so" />
			<Add library="/usr/local/lib/root/libGuiHtml.so" />
			<Add library="/usr/local/lib/root/libGX11.so" />
			<Add library="/usr/local/lib/root/libGX11TTF.so" />
			<Add library="/usr/local/lib/root/libHist.so" />
			<Add library="/usr/local/lib/root/libHistPainter.so" />
			<Add library="/usr/local/lib/root/libHtml.so" />
			<Add library="/usr/local/lib/root/liblistDict.so" />
			<Add library="/usr/local/lib/root/liblzma.a" />
			<Add library="/usr/local/lib/root/libmap2Dict.so" />
			<Add library="/usr/local/lib/root/libmapDict.so" />
			<Add library="/usr/local/lib/root/libMathCore.so" />
			<Add library="/usr/local/lib/root/libMatrix.so" />
			<Add library="/usr/local/lib/root/libMemStat.so" />
			<Add library="/usr/local/lib/root/libMinuit.so" />
			<Add library="/usr/local/lib/root/libMLP.so" />
			<Add library="/usr/local/lib/root/libmultimap2Dict.so" />
			<Add library="/usr/local/lib/root/libmultimapDict.so" />
			<Add library="/usr/local/lib/root/libmultisetDict.so" />
			<Add library="/usr/local/lib/root/libNet.so" />
			<Add library="/usr/local/lib/root/libNew.so" />
			<Add library="/usr/local/lib/root/libpcre.a" />
			<Add library="/usr/local/lib/root/libPhysics.so" />
			<Add library="/usr/local/lib/root/libPostscript.so" />
			<Add library="/usr/local/lib/root/libProof.so" />
			<Add library="/usr/local/lib/root/libProofBench.so" />
			<Add library="/usr/local/lib/root/libProofDraw.so" />
			<Add library="/usr/local/lib/root/libProofPlayer.so" />
			<Add library="/usr/local/lib/root/libQuadp.so" />
			<Add library="/usr/local/lib/root/libRecorder.so" />
			<Add library="/usr/local/lib/root/libReflex.so" />
			<Add library="/usr/local/lib/root/libReflexDict.so" />
			<Add library="/usr/local/lib/root/libRint.so" />
			<Add library="/usr/local/lib/root/libRIO.so" />
			<Add library="/usr/local/lib/root/libRootAuth.so" />
			<Add library="/usr/local/lib/root/libSessionViewer.so" />
			<Add library="/usr/local/lib/root/libsetDict.so" />
			<Add library="/usr/local/lib/root/libSmatrix.so" />
			<Add library="/usr/local/lib/root/libSpectrum.so" />
			<Add library="/usr/local/lib/root/libSpectrumPainter.so" />
			<Add library="/usr/local/lib/root/libSPlot.so" />
			<Add library="/usr/local/lib/root/libSQLIO.so" />
			<Add library="/usr/local/lib/root/libSrvAuth.so" />
			<Add library="/usr/local/lib/root/libThread.so" />
			<Add library="/usr/local/lib/root/libTMVA.so" />
			<Add library="/usr/local/lib/root/libTree.so" />
			<Add library="/usr/local/lib/root/libTreePlayer.so" />
			<Add library="/usr/local/lib/root/libTreeViewer.so" />
			<Add library="/usr/local/lib/root/libvalarrayDict.so" />
			<Add library="/usr/local/lib/root/libvectorDict.so" />
			<Add library="/usr/local/lib/root/libVMC.so" />
			<Add library="/usr/local/lib/root/libX3d.so" />
			<Add library="/usr/local/lib/root/libXMLIO.so" />
			<Add library="/usr/local/lib/root/libRooFit.so" />
			<Add library="/usr/local/lib/root/libRooFitCore.so" />
			<Add library="/usr/local/lib/root/libRooStats.so" />
		</Linker>
		<Unit filename="include/ASSERT.h" />
		<Unit filename="include/Constants.h" />
		<Unit filename="include/DSRhoFit.h" />
		<Unit filename="src/DSRhoFit.cpp" />
		<Extensions>
			<code_completion />
			<debugger />
		</Extensions>
	</Project>
</CodeBlocks_project_file>
